
Microsoft Visual Studio Solution File, Format Version 12.00
# Visual Studio Version 16
VisualStudioVersion = 16.0.30114.105
MinimumVisualStudioVersion = 10.0.40219.1
Project("{9A19103F-16F7-4668-BE54-9A1E7A4F7556}") = "HiGeekNewsWebProject.Web", "HiGeekNewsWebProject.Web\HiGeekNewsWebProject.Web.csproj", "{2B1C5434-64CA-4393-9601-F30FD1B96FDA}"
EndProject
Project("{9A19103F-16F7-4668-BE54-9A1E7A4F7556}") = "HiGeekNewsWebProject.Kernel", "HiGeekNewsWebProject.Kernel\HiGeekNewsWebProject.Kernel.csproj", "{46024A12-0FF6-4ED6-BD2B-1A6B410474ED}"
EndProject
Project("{9A19103F-16F7-4668-BE54-9A1E7A4F7556}") = "HiGeekNewsWebProject.Entites", "HiGeekNewsWebProject.Entites\HiGeekNewsWebProject.Entites.csproj", "{18C11DFD-9E5C-45EA-9AF4-2AF29913E102}"
EndProject
Project("{9A19103F-16F7-4668-BE54-9A1E7A4F7556}") = "HiGeekNewsWebProject.Map", "HiGeekNewsWebProject.Map\HiGeekNewsWebProject.Map.csproj", "{51914574-778A-4629-96EB-8A6DE6FE7517}"
EndProject
Project("{9A19103F-16F7-4668-BE54-9A1E7A4F7556}") = "HiGeekNewsWebProject.DataAccess", "HiGeekNewsWebProject\HiGeekNewsWebProject.DataAccess.csproj", "{1D4320D9-31F4-4E93-A465-869A4C19A318}"
EndProject
Project("{9A19103F-16F7-4668-BE54-9A1E7A4F7556}") = "HiGeekNewsWebProject.Associate", "HiGeekNewsWebProject.Associate\HiGeekNewsWebProject.Associate.csproj", "{4049651E-6E83-4E90-9A01-0F09584ACF9C}"
EndProject
Project("{9A19103F-16F7-4668-BE54-9A1E7A4F7556}") = "HiGeekNewsWebProject.Business", "HiGeekNewsWebProject.Business\HiGeekNewsWebProject.Business.csproj", "{4E4C47DD-4C4D-4F1F-B694-16322988B2B8}"
EndProject
Project("{FAE04EC0-301F-11D3-BF4B-00C04F79EFBC}") = "HiGeekNewsWebProject.Utility", "HiGeekNewsWebProject.Utility\HiGeekNewsWebProject.Utility.csproj", "{61E2D6C7-E6AF-48B8-811E-A18266B2A05D}"
EndProject
Global
	GlobalSection(SolutionConfigurationPlatforms) = preSolution
		Debug|Any CPU = Debug|Any CPU
		Release|Any CPU = Release|Any CPU
	EndGlobalSection
	GlobalSection(ProjectConfigurationPlatforms) = postSolution
		{2B1C5434-64CA-4393-9601-F30FD1B96FDA}.Debug|Any CPU.ActiveCfg = Debug|Any CPU
		{2B1C5434-64CA-4393-9601-F30FD1B96FDA}.Debug|Any CPU.Build.0 = Debug|Any CPU
		{2B1C5434-64CA-4393-9601-F30FD1B96FDA}.Release|Any CPU.ActiveCfg = Release|Any CPU
		{2B1C5434-64CA-4393-9601-F30FD1B96FDA}.Release|Any CPU.Build.0 = Release|Any CPU
		{46024A12-0FF6-4ED6-BD2B-1A6B410474ED}.Debug|Any CPU.ActiveCfg = Debug|Any CPU
		{46024A12-0FF6-4ED6-BD2B-1A6B410474ED}.Debug|Any CPU.Build.0 = Debug|Any CPU
		{46024A12-0FF6-4ED6-BD2B-1A6B410474ED}.Release|Any CPU.ActiveCfg = Release|Any CPU
		{46024A12-0FF6-4ED6-BD2B-1A6B410474ED}.Release|Any CPU.Build.0 = Release|Any CPU
		{18C11DFD-9E5C-45EA-9AF4-2AF29913E102}.Debug|Any CPU.ActiveCfg = Debug|Any CPU
		{18C11DFD-9E5C-45EA-9AF4-2AF29913E102}.Debug|Any CPU.Build.0 = Debug|Any CPU
		{18C11DFD-9E5C-45EA-9AF4-2AF29913E102}.Release|Any CPU.ActiveCfg = Release|Any CPU
		{18C11DFD-9E5C-45EA-9AF4-2AF29913E102}.Release|Any CPU.Build.0 = Release|Any CPU
		{51914574-778A-4629-96EB-8A6DE6FE7517}.Debug|Any CPU.ActiveCfg = Debug|Any CPU
		{51914574-778A-4629-96EB-8A6DE6FE7517}.Debug|Any CPU.Build.0 = Debug|Any CPU
		{51914574-778A-4629-96EB-8A6DE6FE7517}.Release|Any CPU.ActiveCfg = Release|Any CPU
		{51914574-778A-4629-96EB-8A6DE6FE7517}.Release|Any CPU.Build.0 = Release|Any CPU
		{1D4320D9-31F4-4E93-A465-869A4C19A318}.Debug|Any CPU.ActiveCfg = Debug|Any CPU
		{1D4320D9-31F4-4E93-A465-869A4C19A318}.Debug|Any CPU.Build.0 = Debug|Any CPU
		{1D4320D9-31F4-4E93-A465-869A4C19A318}.Release|Any CPU.ActiveCfg = Release|Any CPU
		{1D4320D9-31F4-4E93-A465-869A4C19A318}.Release|Any CPU.Build.0 = Release|Any CPU
		{4049651E-6E83-4E90-9A01-0F09584ACF9C}.Debug|Any CPU.ActiveCfg = Debug|Any CPU
		{4049651E-6E83-4E90-9A01-0F09584ACF9C}.Debug|Any CPU.Build.0 = Debug|Any CPU
		{4049651E-6E83-4E90-9A01-0F09584ACF9C}.Release|Any CPU.ActiveCfg = Release|Any CPU
		{4049651E-6E83-4E90-9A01-0F09584ACF9C}.Release|Any CPU.Build.0 = Release|Any CPU
		{4E4C47DD-4C4D-4F1F-B694-16322988B2B8}.Debug|Any CPU.ActiveCfg = Debug|Any CPU
		{4E4C47DD-4C4D-4F1F-B694-16322988B2B8}.Debug|Any CPU.Build.0 = Debug|Any CPU
		{4E4C47DD-4C4D-4F1F-B694-16322988B2B8}.Release|Any CPU.ActiveCfg = Release|Any CPU
		{4E4C47DD-4C4D-4F1F-B694-16322988B2B8}.Release|Any CPU.Build.0 = Release|Any CPU
		{61E2D6C7-E6AF-48B8-811E-A18266B2A05D}.Debug|Any CPU.ActiveCfg = Debug|Any CPU
		{61E2D6C7-E6AF-48B8-811E-A18266B2A05D}.Debug|Any CPU.Build.0 = Debug|Any CPU
		{61E2D6C7-E6AF-48B8-811E-A18266B2A05D}.Release|Any CPU.ActiveCfg = Release|Any CPU
		{61E2D6C7-E6AF-48B8-811E-A18266B2A05D}.Release|Any CPU.Build.0 = Release|Any CPU
	EndGlobalSection
	GlobalSection(SolutionProperties) = preSolution
		HideSolutionNode = FALSE
	EndGlobalSection
	GlobalSection(ExtensibilityGlobals) = postSolution
		SolutionGuid = {AA9E9A4A-4958-4701-8BA1-C2F185F81545}
	EndGlobalSection
EndGlobal
